
Microsoft Visual Studio Solution File, Format Version 12.00
# Visual Studio Version 17
VisualStudioVersion = 17.1.32328.378
MinimumVisualStudioVersion = 10.0.40219.1
Project("{FAE04EC0-301F-11D3-BF4B-00C04F79EFBC}") = "SwiftParsing", "SwiftParsing\SwiftParsing.csproj", "{E289DCEF-B98D-44DD-839A-0E64CDD98614}"
EndProject
Global
	GlobalSection(SolutionConfigurationPlatforms) = preSolution
		Debug|Any CPU = Debug|Any CPU
		Release|Any CPU = Release|Any CPU
	EndGlobalSection
	GlobalSection(ProjectConfigurationPlatforms) = postSolution
		{E289DCEF-B98D-44DD-839A-0E64CDD98614}.Debug|Any CPU.ActiveCfg = Debug|Any CPU
		{E289DCEF-B98D-44DD-839A-0E64CDD98614}.Debug|Any CPU.Build.0 = Debug|Any CPU
		{E289DCEF-B98D-44DD-839A-0E64CDD98614}.Release|Any CPU.ActiveCfg = Release|Any CPU
		{E289DCEF-B98D-44DD-839A-0E64CDD98614}.Release|Any CPU.Build.0 = Release|Any CPU
	EndGlobalSection
	GlobalSection(SolutionProperties) = preSolution
		HideSolutionNode = FALSE
	EndGlobalSection
	GlobalSection(ExtensibilityGlobals) = postSolution
		SolutionGuid = {B5E080CC-A40D-48CE-91C9-7F3845597750}
	EndGlobalSection
EndGlobal
